{
  "originHash" : "45b406cb9050e04616f229a08cc3672b3e1fc2bb5b98168fb41546dcbf9c2212",
  "pins" : [
    {
      "identity" : "libcapstone-spm",
      "kind" : "remoteSourceControl",
      "location" : "https://github.com/Lakr233/libcapstone-spm.git",
      "state" : {
        "revision" : "ea98aa0a31693d7ea2930c4372f9b5858b0bc7a3"
      }
    },
    {
      "identity" : "swift-argument-parser",
      "kind" : "remoteSourceControl",
      "location" : "https://github.com/apple/swift-argument-parser",
      "state" : {
        "revision" : "6a52f3251125d74daf04fcbd5e6f08a75d074382",
        "version" : "1.8.2"
      }
    }
  ],
  "version" : 3
}
